
Microsoft Visual Studio Solution File, Format Version 12.00
# Visual Studio Version 16
VisualStudioVersion = 16.0.30804.86
MinimumVisualStudioVersion = 10.0.40219.1
Project("{FAE04EC0-301F-11D3-BF4B-00C04F79EFBC}") = "Genetic Algorithm", "Genetic Algorithm\Genetic Algorithm.csproj", "{E40A04EA-8EDA-495B-9AE1-71C34E2B3F4E}"
EndProject
Global
	GlobalSection(SolutionConfigurationPlatforms) = preSolution
		Debug|Any CPU = Debug|Any CPU
		Release|Any CPU = Release|Any CPU
	EndGlobalSection
	GlobalSection(ProjectConfigurationPlatforms) = postSolution
		{E40A04EA-8EDA-495B-9AE1-71C34E2B3F4E}.Debug|Any CPU.ActiveCfg = Debug|Any CPU
		{E40A04EA-8EDA-495B-9AE1-71C34E2B3F4E}.Debug|Any CPU.Build.0 = Debug|Any CPU
		{E40A04EA-8EDA-495B-9AE1-71C34E2B3F4E}.Release|Any CPU.ActiveCfg = Release|Any CPU
		{E40A04EA-8EDA-495B-9AE1-71C34E2B3F4E}.Release|Any CPU.Build.0 = Release|Any CPU
	EndGlobalSection
	GlobalSection(SolutionProperties) = preSolution
		HideSolutionNode = FALSE
	EndGlobalSection
	GlobalSection(ExtensibilityGlobals) = postSolution
		SolutionGuid = {2120E726-C1D0-4A52-A756-AFFC918F1ACB}
	EndGlobalSection
EndGlobal
